// !$*UTF8*$!
{
	archiveVersion = 1;
	classes = {
	};
	objectVersion = 46;
	objects = {

/* Begin PBXBuildFile section */
		6B1D7E0A1B58888D003A92CA /* AppDelegate.swift in Sources */ = {isa = PBXBuildFile; fileRef = 6B1D7E091B58888D003A92CA /* AppDelegate.swift */; };
		6B1D7E0C1B58888D003A92CA /* ViewController.swift in Sources */ = {isa = PBXBuildFile; fileRef = 6B1D7E0B1B58888D003A92CA /* ViewController.swift */; };
		6B1D7E0F1B58888D003A92CA /* Main.storyboard in Resources */ = {isa = PBXBuildFile; fileRef = 6B1D7E0D1B58888D003A92CA /* Main.storyboard */; };
		6B1D7E111B58888D003A92CA /* Images.xcassets in Resources */ = {isa = PBXBuildFile; fileRef = 6B1D7E101B58888D003A92CA /* Images.xcassets */; };
		6B1D7E141B58888D003A92CA /* LaunchScreen.xib in Resources */ = {isa = PBXBuildFile; fileRef = 6B1D7E121B58888D003A92CA /* LaunchScreen.xib */; };
		6B1D7E201B58888E003A92CA /* Solar_SystemTests.swift in Sources */ = {isa = PBXBuildFile; fileRef = 6B1D7E1F1B58888E003A92CA /* Solar_SystemTests.swift */; };
		6B1D7E2A1B5888E2003A92CA /* Planet.swift in Sources */ = {isa = PBXBuildFile; fileRef = 6B1D7E291B5888E2003A92CA /* Planet.swift */; };
		6B1D7E2C1B5888EB003A92CA /* Vector.swift in Sources */ = {isa = PBXBuildFile; fileRef = 6B1D7E2B1B5888EB003A92CA /* Vector.swift */; };
		6B1D7E301B58C8D3003A92CA /* earth.gif in Resources */ = {isa = PBXBuildFile; fileRef = 6B1D7E2D1B58C8D3003A92CA /* earth.gif */; };
		6B1D7E311B58C8D3003A92CA /* jupiter.ico in Resources */ = {isa = PBXBuildFile; fileRef = 6B1D7E2E1B58C8D3003A92CA /* jupiter.ico */; };
		6B1D7E321B58C8D3003A92CA /* Sun.png in Resources */ = {isa = PBXBuildFile; fileRef = 6B1D7E2F1B58C8D3003A92CA /* Sun.png */; };
		6BE6F2FD1B5DF14D006FE30C /* mars.gif in Resources */ = {isa = PBXBuildFile; fileRef = 6BE6F2F81B5DF14D006FE30C /* mars.gif */; };
		6BE6F2FE1B5DF14D006FE30C /* mercury.gif in Resources */ = {isa = PBXBuildFile; fileRef = 6BE6F2F91B5DF14D006FE30C /* mercury.gif */; };
		6BE6F2FF1B5DF14D006FE30C /* neptune.png in Resources */ = {isa = PBXBuildFile; fileRef = 6BE6F2FA1B5DF14D006FE30C /* neptune.png */; };
		6BE6F3001B5DF14D006FE30C /* saturn.png in Resources */ = {isa = PBXBuildFile; fileRef = 6BE6F2FB1B5DF14D006FE30C /* saturn.png */; };
		6BE6F3011B5DF14D006FE30C /* uranus.png in Resources */ = {isa = PBXBuildFile; fileRef = 6BE6F2FC1B5DF14D006FE30C /* uranus.png */; };
		6BE6F3031B5DF19A006FE30C /* venus.gif in Resources */ = {isa = PBXBuildFile; fileRef = 6BE6F3021B5DF19A006FE30C /* venus.gif */; };
/* End PBXBuildFile section */

/* Begin PBXContainerItemProxy section */
		6B1D7E1A1B58888E003A92CA /* PBXContainerItemProxy */ = {
			isa = PBXContainerItemProxy;
			containerPortal = 6B1D7DFC1B58888D003A92CA /* Project object */;
			proxyType = 1;
			remoteGlobalIDString = 6B1D7E031B58888D003A92CA;
			remoteInfo = "Solar System";
		};
/* End PBXContainerItemProxy section */

/* Begin PBXFileReference section */
		6B1D7E041B58888D003A92CA /* Solar System.app */ = {isa = PBXFileReference; explicitFileType = wrapper.application; includeInIndex = 0; path = "Solar System.app"; sourceTree = BUILT_PRODUCTS_DIR; };
		6B1D7E081B58888D003A92CA /* Info.plist */ = {isa = PBXFileReference; lastKnownFileType = text.plist.xml; path = Info.plist; sourceTree = "<group>"; };
		6B1D7E091B58888D003A92CA /* AppDelegate.swift */ = {isa = PBXFileReference; lastKnownFileType = sourcecode.swift; path = AppDelegate.swift; sourceTree = "<group>"; };
		6B1D7E0B1B58888D003A92CA /* ViewController.swift */ = {isa = PBXFileReference; lastKnownFileType = sourcecode.swift; path = ViewController.swift; sourceTree = "<group>"; };
		6B1D7E0E1B58888D003A92CA /* Base */ = {isa = PBXFileReference; lastKnownFileType = file.storyboard; name = Base; path = Base.lproj/Main.storyboard; sourceTree = "<group>"; };
		6B1D7E101B58888D003A92CA /* Images.xcassets */ = {isa = PBXFileReference; lastKnownFileType = folder.assetcatalog; path = Images.xcassets; sourceTree = "<group>"; };
		6B1D7E131B58888D003A92CA /* Base */ = {isa = PBXFileReference; lastKnownFileType = file.xib; name = Base; path = Base.lproj/LaunchScreen.xib; sourceTree = "<group>"; };
		6B1D7E191B58888E003A92CA /* Solar SystemTests.xctest */ = {isa = PBXFileReference; explicitFileType = wrapper.cfbundle; includeInIndex = 0; path = "Solar SystemTests.xctest"; sourceTree = BUILT_PRODUCTS_DIR; };
		6B1D7E1E1B58888E003A92CA /* Info.plist */ = {isa = PBXFileReference; lastKnownFileType = text.plist.xml; path = Info.plist; sourceTree = "<group>"; };
		6B1D7E1F1B58888E003A92CA /* Solar_SystemTests.swift */ = {isa = PBXFileReference; lastKnownFileType = sourcecode.swift; path = Solar_SystemTests.swift; sourceTree = "<group>"; };
		6B1D7E291B5888E2003A92CA /* Planet.swift */ = {isa = PBXFileReference; fileEncoding = 4; lastKnownFileType = sourcecode.swift; path = Planet.swift; sourceTree = "<group>"; };
		6B1D7E2B1B5888EB003A92CA /* Vector.swift */ = {isa = PBXFileReference; fileEncoding = 4; lastKnownFileType = sourcecode.swift; path = Vector.swift; sourceTree = "<group>"; };
		6B1D7E2D1B58C8D3003A92CA /* earth.gif */ = {isa = PBXFileReference; lastKnownFileType = image.gif; path = earth.gif; sourceTree = SOURCE_ROOT; };
		6B1D7E2E1B58C8D3003A92CA /* jupiter.ico */ = {isa = PBXFileReference; lastKnownFileType = image.ico; path = jupiter.ico; sourceTree = SOURCE_ROOT; };
		6B1D7E2F1B58C8D3003A92CA /* Sun.png */ = {isa = PBXFileReference; lastKnownFileType = image.png; path = Sun.png; sourceTree = SOURCE_ROOT; };
		6BE6F2F81B5DF14D006FE30C /* mars.gif */ = {isa = PBXFileReference; lastKnownFileType = image.gif; path = mars.gif; sourceTree = SOURCE_ROOT; };
		6BE6F2F91B5DF14D006FE30C /* mercury.gif */ = {isa = PBXFileReference; lastKnownFileType = image.gif; path = mercury.gif; sourceTree = SOURCE_ROOT; };
		6BE6F2FA1B5DF14D006FE30C /* neptune.png */ = {isa = PBXFileReference; lastKnownFileType = image.png; path = neptune.png; sourceTree = SOURCE_ROOT; };
		6BE6F2FB1B5DF14D006FE30C /* saturn.png */ = {isa = PBXFileReference; lastKnownFileType = image.png; path = saturn.png; sourceTree = SOURCE_ROOT; };
		6BE6F2FC1B5DF14D006FE30C /* uranus.png */ = {isa = PBXFileReference; lastKnownFileType = image.png; path = uranus.png; sourceTree = SOURCE_ROOT; };
		6BE6F3021B5DF19A006FE30C /* venus.gif */ = {isa = PBXFileReference; lastKnownFileType = image.gif; path = venus.gif; sourceTree = SOURCE_ROOT; };
/* End PBXFileReference section */

/* Begin PBXFrameworksBuildPhase section */
		6B1D7E011B58888D003A92CA /* Frameworks */ = {
			isa = PBXFrameworksBuildPhase;
			buildActionMask = 2147483647;
			files = (
			);
			runOnlyForDeploymentPostprocessing = 0;
		};
		6B1D7E161B58888E003A92CA /* Frameworks */ = {
			isa = PBXFrameworksBuildPhase;
			buildActionMask = 2147483647;
			files = (
			);
			runOnlyForDeploymentPostprocessing = 0;
		};
/* End PBXFrameworksBuildPhase section */

/* Begin PBXGroup section */
		6B1D7DFB1B58888D003A92CA = {
			isa = PBXGroup;
			children = (
				6B1D7E061B58888D003A92CA /* Solar System */,
				6B1D7E1C1B58888E003A92CA /* Solar SystemTests */,
				6B1D7E051B58888D003A92CA /* Products */,
			);
			sourceTree = "<group>";
		};
		6B1D7E051B58888D003A92CA /* Products */ = {
			isa = PBXGroup;
			children = (
				6B1D7E041B58888D003A92CA /* Solar System.app */,
				6B1D7E191B58888E003A92CA /* Solar SystemTests.xctest */,
			);
			name = Products;
			sourceTree = "<group>";
		};
		6B1D7E061B58888D003A92CA /* Solar System */ = {
			isa = PBXGroup;
			children = (
				6B1D7E091B58888D003A92CA /* AppDelegate.swift */,
				6B1D7E0B1B58888D003A92CA /* ViewController.swift */,
				6B1D7E291B5888E2003A92CA /* Planet.swift */,
				6B1D7E2B1B5888EB003A92CA /* Vector.swift */,
				6B1D7E0D1B58888D003A92CA /* Main.storyboard */,
				6B1D7E101B58888D003A92CA /* Images.xcassets */,
				6B1D7E121B58888D003A92CA /* LaunchScreen.xib */,
				6B1D7E071B58888D003A92CA /* Supporting Files */,
			);
			path = "Solar System";
			sourceTree = "<group>";
		};
		6B1D7E071B58888D003A92CA /* Supporting Files */ = {
			isa = PBXGroup;
			children = (
				6BE6F2F81B5DF14D006FE30C /* mars.gif */,
				6BE6F2F91B5DF14D006FE30C /* mercury.gif */,
				6BE6F2FA1B5DF14D006FE30C /* neptune.png */,
				6BE6F2FB1B5DF14D006FE30C /* saturn.png */,
				6BE6F3021B5DF19A006FE30C /* venus.gif */,
				6BE6F2FC1B5DF14D006FE30C /* uranus.png */,
				6B1D7E2D1B58C8D3003A92CA /* earth.gif */,
				6B1D7E2E1B58C8D3003A92CA /* jupiter.ico */,
				6B1D7E2F1B58C8D3003A92CA /* Sun.png */,
				6B1D7E081B58888D003A92CA /* Info.plist */,
			);
			name = "Supporting Files";
			sourceTree = "<group>";
		};
		6B1D7E1C1B58888E003A92CA /* Solar SystemTests */ = {
			isa = PBXGroup;
			children = (
				6B1D7E1F1B58888E003A92CA /* Solar_SystemTests.swift */,
				6B1D7E1D1B58888E003A92CA /* Supporting Files */,
			);
			path = "Solar SystemTests";
			sourceTree = "<group>";
		};
		6B1D7E1D1B58888E003A92CA /* Supporting Files */ = {
			isa = PBXGroup;
			children = (
				6B1D7E1E1B58888E003A92CA /* Info.plist */,
			);
			name = "Supporting Files";
			sourceTree = "<group>";
		};
/* End PBXGroup section */

/* Begin PBXNativeTarget section */
		6B1D7E031B58888D003A92CA /* Solar System */ = {
			isa = PBXNativeTarget;
			buildConfigurationList = 6B1D7E231B58888E003A92CA /* Build configuration list for PBXNativeTarget "Solar System" */;
			buildPhases = (
				6B1D7E001B58888D003A92CA /* Sources */,
				6B1D7E011B58888D003A92CA /* Frameworks */,
				6B1D7E021B58888D003A92CA /* Resources */,
			);
			buildRules = (
			);
			dependencies = (
			);
			name = "Solar System";
			productName = "Solar System";
			productReference = 6B1D7E041B58888D003A92CA /* Solar System.app */;
			productType = "com.apple.product-type.application";
		};
		6B1D7E181B58888E003A92CA /* Solar SystemTests */ = {
			isa = PBXNativeTarget;
			buildConfigurationList = 6B1D7E261B58888E003A92CA /* Build configuration list for PBXNativeTarget "Solar SystemTests" */;
			buildPhases = (
				6B1D7E151B58888E003A92CA /* Sources */,
				6B1D7E161B58888E003A92CA /* Frameworks */,
				6B1D7E171B58888E003A92CA /* Resources */,
			);
			buildRules = (
			);
			dependencies = (
				6B1D7E1B1B58888E003A92CA /* PBXTargetDependency */,
			);
			name = "Solar SystemTests";
			productName = "Solar SystemTests";
			productReference = 6B1D7E191B58888E003A92CA /* Solar SystemTests.xctest */;
			productType = "com.apple.product-type.bundle.unit-test";
		};
/* End PBXNativeTarget section */

/* Begin PBXProject section */
		6B1D7DFC1B58888D003A92CA /* Project object */ = {
			isa = PBXProject;
			attributes = {
				LastSwiftMigration = 0700;
				LastSwiftUpdateCheck = 0700;
				LastUpgradeCheck = 0700;
				ORGANIZATIONNAME = AD;
				TargetAttributes = {
					6B1D7E031B58888D003A92CA = {
						CreatedOnToolsVersion = 6.2;
					};
					6B1D7E181B58888E003A92CA = {
						CreatedOnToolsVersion = 6.2;
						TestTargetID = 6B1D7E031B58888D003A92CA;
					};
				};
			};
			buildConfigurationList = 6B1D7DFF1B58888D003A92CA /* Build configuration list for PBXProject "Solar System" */;
			compatibilityVersion = "Xcode 3.2";
			developmentRegion = English;
			hasScannedForEncodings = 0;
			knownRegions = (
				en,
				Base,
			);
			mainGroup = 6B1D7DFB1B58888D003A92CA;
			productRefGroup = 6B1D7E051B58888D003A92CA /* Products */;
			projectDirPath = "";
			projectRoot = "";
			targets = (
				6B1D7E031B58888D003A92CA /* Solar System */,
				6B1D7E181B58888E003A92CA /* Solar SystemTests */,
			);
		};
/* End PBXProject section */

/* Begin PBXResourcesBuildPhase section */
		6B1D7E021B58888D003A92CA /* Resources */ = {
			isa = PBXResourcesBuildPhase;
			buildActionMask = 2147483647;
			files = (
				6B1D7E321B58C8D3003A92CA /* Sun.png in Resources */,
				6BE6F3011B5DF14D006FE30C /* uranus.png in Resources */,
				6B1D7E311B58C8D3003A92CA /* jupiter.ico in Resources */,
				6B1D7E0F1B58888D003A92CA /* Main.storyboard in Resources */,
				6BE6F2FD1B5DF14D006FE30C /* mars.gif in Resources */,
				6BE6F3001B5DF14D006FE30C /* saturn.png in Resources */,
				6BE6F2FF1B5DF14D006FE30C /* neptune.png in Resources */,
				6B1D7E301B58C8D3003A92CA /* earth.gif in Resources */,
				6B1D7E141B58888D003A92CA /* LaunchScreen.xib in Resources */,
				6BE6F2FE1B5DF14D006FE30C /* mercury.gif in Resources */,
				6BE6F3031B5DF19A006FE30C /* venus.gif in Resources */,
				6B1D7E111B58888D003A92CA /* Images.xcassets in Resources */,
			);
			runOnlyForDeploymentPostprocessing = 0;
		};
		6B1D7E171B58888E003A92CA /* Resources */ = {
			isa = PBXResourcesBuildPhase;
			buildActionMask = 2147483647;
			files = (
			);
			runOnlyForDeploymentPostprocessing = 0;
		};
/* End PBXResourcesBuildPhase section */

/* Begin PBXSourcesBuildPhase section */
		6B1D7E001B58888D003A92CA /* Sources */ = {
			isa = PBXSourcesBuildPhase;
			buildActionMask = 2147483647;
			files = (
				6B1D7E2A1B5888E2003A92CA /* Planet.swift in Sources */,
				6B1D7E0C1B58888D003A92CA /* ViewController.swift in Sources */,
				6B1D7E2C1B5888EB003A92CA /* Vector.swift in Sources */,
				6B1D7E0A1B58888D003A92CA /* AppDelegate.swift in Sources */,
			);
			runOnlyForDeploymentPostprocessing = 0;
		};
		6B1D7E151B58888E003A92CA /* Sources */ = {
			isa = PBXSourcesBuildPhase;
			buildActionMask = 2147483647;
			files = (
				6B1D7E201B58888E003A92CA /* Solar_SystemTests.swift in Sources */,
			);
			runOnlyForDeploymentPostprocessing = 0;
		};
/* End PBXSourcesBuildPhase section */

/* Begin PBXTargetDependency section */
		6B1D7E1B1B58888E003A92CA /* PBXTargetDependency */ = {
			isa = PBXTargetDependency;
			target = 6B1D7E031B58888D003A92CA /* Solar System */;
			targetProxy = 6B1D7E1A1B58888E003A92CA /* PBXContainerItemProxy */;
		};
/* End PBXTargetDependency section */

/* Begin PBXVariantGroup section */
		6B1D7E0D1B58888D003A92CA /* Main.storyboard */ = {
			isa = PBXVariantGroup;
			children = (
				6B1D7E0E1B58888D003A92CA /* Base */,
			);
			name = Main.storyboard;
			sourceTree = "<group>";
		};
		6B1D7E121B58888D003A92CA /* LaunchScreen.xib */ = {
			isa = PBXVariantGroup;
			children = (
				6B1D7E131B58888D003A92CA /* Base */,
			);
			name = LaunchScreen.xib;
			sourceTree = "<group>";
		};
/* End PBXVariantGroup section */

/* Begin XCBuildConfiguration section */
		6B1D7E211B58888E003A92CA /* Debug */ = {
			isa = XCBuildConfiguration;
			buildSettings = {
				ALWAYS_SEARCH_USER_PATHS = NO;
				CLANG_CXX_LANGUAGE_STANDARD = "gnu++0x";
				CLANG_CXX_LIBRARY = "libc++";
				CLANG_ENABLE_MODULES = YES;
				CLANG_ENABLE_OBJC_ARC = YES;
				CLANG_WARN_BOOL_CONVERSION = YES;
				CLANG_WARN_CONSTANT_CONVERSION = YES;
				CLANG_WARN_DIRECT_OBJC_ISA_USAGE = YES_ERROR;
				CLANG_WARN_EMPTY_BODY = YES;
				CLANG_WARN_ENUM_CONVERSION = YES;
				CLANG_WARN_INT_CONVERSION = YES;
				CLANG_WARN_OBJC_ROOT_CLASS = YES_ERROR;
				CLANG_WARN_UNREACHABLE_CODE = YES;
				CLANG_WARN__DUPLICATE_METHOD_MATCH = YES;
				"CODE_SIGN_IDENTITY[sdk=iphoneos*]" = "iPhone Developer";
				COPY_PHASE_STRIP = NO;
				ENABLE_STRICT_OBJC_MSGSEND = YES;
				ENABLE_TESTABILITY = YES;
				GCC_C_LANGUAGE_STANDARD = gnu99;
				GCC_DYNAMIC_NO_PIC = NO;
				GCC_OPTIMIZATION_LEVEL = 0;
				GCC_PREPROCESSOR_DEFINITIONS = (
					"DEBUG=1",
					"$(inherited)",
				);
				GCC_SYMBOLS_PRIVATE_EXTERN = NO;
				GCC_WARN_64_TO_32_BIT_CONVERSION = YES;
				GCC_WARN_ABOUT_RETURN_TYPE = YES_ERROR;
				GCC_WARN_UNDECLARED_SELECTOR = YES;
				GCC_WARN_UNINITIALIZED_AUTOS = YES_AGGRESSIVE;
				GCC_WARN_UNUSED_FUNCTION = YES;
				GCC_WARN_UNUSED_VARIABLE = YES;
				IPHONEOS_DEPLOYMENT_TARGET = 8.2;
				MTL_ENABLE_DEBUG_INFO = YES;
				ONLY_ACTIVE_ARCH = YES;
				SDKROOT = iphoneos;
				SWIFT_OPTIMIZATION_LEVEL = "-Onone";
				TARGETED_DEVICE_FAMILY = "1,2";
			};
			name = Debug;
		};
		6B1D7E221B58888E003A92CA /* Release */ = {
			isa = XCBuildConfiguration;
			buildSettings = {
				ALWAYS_SEARCH_USER_PATHS = NO;
				CLANG_CXX_LANGUAGE_STANDARD = "gnu++0x";
				CLANG_CXX_LIBRARY = "libc++";
				CLANG_ENABLE_MODULES = YES;
				CLANG_ENABLE_OBJC_ARC = YES;
				CLANG_WARN_BOOL_CONVERSION = YES;
				CLANG_WARN_CONSTANT_CONVERSION = YES;
				CLANG_WARN_DIRECT_OBJC_ISA_USAGE = YES_ERROR;
				CLANG_WARN_EMPTY_BODY = YES;
				CLANG_WARN_ENUM_CONVERSION = YES;
				CLANG_WARN_INT_CONVERSION = YES;
				CLANG_WARN_OBJC_ROOT_CLASS = YES_ERROR;
				CLANG_WARN_UNREACHABLE_CODE = YES;
				CLANG_WARN__DUPLICATE_METHOD_MATCH = YES;
				"CODE_SIGN_IDENTITY[sdk=iphoneos*]" = "iPhone Developer";
				COPY_PHASE_STRIP = NO;
				ENABLE_NS_ASSERTIONS = NO;
				ENABLE_STRICT_OBJC_MSGSEND = YES;
				GCC_C_LANGUAGE_STANDARD = gnu99;
				GCC_WARN_64_TO_32_BIT_CONVERSION = YES;
				GCC_WARN_ABOUT_RETURN_TYPE = YES_ERROR;
				GCC_WARN_UNDECLARED_SELECTOR = YES;
				GCC_WARN_UNINITIALIZED_AUTOS = YES_AGGRESSIVE;
				GCC_WARN_UNUSED_FUNCTION = YES;
				GCC_WARN_UNUSED_VARIABLE = YES;
				IPHONEOS_DEPLOYMENT_TARGET = 8.2;
				MTL_ENABLE_DEBUG_INFO = NO;
				SDKROOT = iphoneos;
				TARGETED_DEVICE_FAMILY = "1,2";
				VALIDATE_PRODUCT = YES;
			};
			name = Release;
		};
		6B1D7E241B58888E003A92CA /* Debug */ = {
			isa = XCBuildConfiguration;
			buildSettings = {
				ASSETCATALOG_COMPILER_APPICON_NAME = AppIcon;
				INFOPLIST_FILE = "Solar System/Info.plist";
				LD_RUNPATH_SEARCH_PATHS = "$(inherited) @executable_path/Frameworks";
				PRODUCT_BUNDLE_IDENTIFIER = "com.AD.$(PRODUCT_NAME:rfc1034identifier)";
				PRODUCT_NAME = "$(TARGET_NAME)";
			};
			name = Debug;
		};
		6B1D7E251B58888E003A92CA /* Release */ = {
			isa = XCBuildConfiguration;
			buildSettings = {
				ASSETCATALOG_COMPILER_APPICON_NAME = AppIcon;
				INFOPLIST_FILE = "Solar System/Info.plist";
				LD_RUNPATH_SEARCH_PATHS = "$(inherited) @executable_path/Frameworks";
				PRODUCT_BUNDLE_IDENTIFIER = "com.AD.$(PRODUCT_NAME:rfc1034identifier)";
				PRODUCT_NAME = "$(TARGET_NAME)";
			};
			name = Release;
		};
		6B1D7E271B58888E003A92CA /* Debug */ = {
			isa = XCBuildConfiguration;
			buildSettings = {
				BUNDLE_LOADER = "$(TEST_HOST)";
				FRAMEWORK_SEARCH_PATHS = (
					"$(SDKROOT)/Developer/Library/Frameworks",
					"$(inherited)",
				);
				GCC_PREPROCESSOR_DEFINITIONS = (
					"DEBUG=1",
					"$(inherited)",
				);
				INFOPLIST_FILE = "Solar SystemTests/Info.plist";
				LD_RUNPATH_SEARCH_PATHS = "$(inherited) @executable_path/Frameworks @loader_path/Frameworks";
				PRODUCT_BUNDLE_IDENTIFIER = "com.AD.$(PRODUCT_NAME:rfc1034identifier)";
				PRODUCT_NAME = "$(TARGET_NAME)";
				TEST_HOST = "$(BUILT_PRODUCTS_DIR)/Solar System.app/Solar System";
			};
			name = Debug;
		};
		6B1D7E281B58888E003A92CA /* Release */ = {
			isa = XCBuildConfiguration;
			buildSettings = {
				BUNDLE_LOADER = "$(TEST_HOST)";
				FRAMEWORK_SEARCH_PATHS = (
					"$(SDKROOT)/Developer/Library/Frameworks",
					"$(inherited)",
				);
				INFOPLIST_FILE = "Solar SystemTests/Info.plist";
				LD_RUNPATH_SEARCH_PATHS = "$(inherited) @executable_path/Frameworks @loader_path/Frameworks";
				PRODUCT_BUNDLE_IDENTIFIER = "com.AD.$(PRODUCT_NAME:rfc1034identifier)";
				PRODUCT_NAME = "$(TARGET_NAME)";
				TEST_HOST = "$(BUILT_PRODUCTS_DIR)/Solar System.app/Solar System";
			};
			name = Release;
		};
/* End XCBuildConfiguration section */

/* Begin XCConfigurationList section */
		6B1D7DFF1B58888D003A92CA /* Build configuration list for PBXProject "Solar System" */ = {
			isa = XCConfigurationList;
			buildConfigurations = (
				6B1D7E211B58888E003A92CA /* Debug */,
				6B1D7E221B58888E003A92CA /* Release */,
			);
			defaultConfigurationIsVisible = 0;
			defaultConfigurationName = Release;
		};
		6B1D7E231B58888E003A92CA /* Build configuration list for PBXNativeTarget "Solar System" */ = {
			isa = XCConfigurationList;
			buildConfigurations = (
				6B1D7E241B58888E003A92CA /* Debug */,
				6B1D7E251B58888E003A92CA /* Release */,
			);
			defaultConfigurationIsVisible = 0;
			defaultConfigurationName = Release;
		};
		6B1D7E261B58888E003A92CA /* Build configuration list for PBXNativeTarget "Solar SystemTests" */ = {
			isa = XCConfigurationList;
			buildConfigurations = (
				6B1D7E271B58888E003A92CA /* Debug */,
				6B1D7E281B58888E003A92CA /* Release */,
			);
			defaultConfigurationIsVisible = 0;
			defaultConfigurationName = Release;
		};
/* End XCConfigurationList section */
	};
	rootObject = 6B1D7DFC1B58888D003A92CA /* Project object */;
}
